// !$*UTF8*$!
{
	archiveVersion = 1;
	classes = {
	};
	objectVersion = 55;
	objects = {

/* Begin PBXBuildFile section */
		6947C78828991C4B00922181 /* HomeViewModel.swift in Sources */ = {isa = PBXBuildFile; fileRef = 6947C78728991C4B00922181 /* HomeViewModel.swift */; };
		6947C78A2899284C00922181 /* FruitCell.swift in Sources */ = {isa = PBXBuildFile; fileRef = 6947C7892899284C00922181 /* FruitCell.swift */; };
		698B45EC289A26C600E6F7C7 /* SettingsViewController.swift in Sources */ = {isa = PBXBuildFile; fileRef = 698B45EB289A26C600E6F7C7 /* SettingsViewController.swift */; };
		699B1FDA2897B64000D9E72E /* AppDelegate.swift in Sources */ = {isa = PBXBuildFile; fileRef = 699B1FD92897B64000D9E72E /* AppDelegate.swift */; };
		699B1FDC2897B64000D9E72E /* SceneDelegate.swift in Sources */ = {isa = PBXBuildFile; fileRef = 699B1FDB2897B64000D9E72E /* SceneDelegate.swift */; };
		699B1FE32897B64100D9E72E /* Assets.xcassets in Resources */ = {isa = PBXBuildFile; fileRef = 699B1FE22897B64100D9E72E /* Assets.xcassets */; };
		699B1FE62897B64100D9E72E /* LaunchScreen.storyboard in Resources */ = {isa = PBXBuildFile; fileRef = 699B1FE42897B64100D9E72E /* LaunchScreen.storyboard */; };
		699B1FF62898BD8000D9E72E /* OnboardingViewController.swift in Sources */ = {isa = PBXBuildFile; fileRef = 699B1FF52898BD8000D9E72E /* OnboardingViewController.swift */; };
		699B1FF92898BFD700D9E72E /* FruitData.swift in Sources */ = {isa = PBXBuildFile; fileRef = 699B1FF82898BFD700D9E72E /* FruitData.swift */; };
		699B1FFC2898C00E00D9E72E /* Fruit.swift in Sources */ = {isa = PBXBuildFile; fileRef = 699B1FFB2898C00E00D9E72E /* Fruit.swift */; };
		699B20002898C2B100D9E72E /* HomeViewController.swift in Sources */ = {isa = PBXBuildFile; fileRef = 699B1FFF2898C2B100D9E72E /* HomeViewController.swift */; };
		699B20062898CA1300D9E72E /* Constants.swift in Sources */ = {isa = PBXBuildFile; fileRef = 699B20052898CA1300D9E72E /* Constants.swift */; };
		699B20082898D70B00D9E72E /* FruitCardCell.swift in Sources */ = {isa = PBXBuildFile; fileRef = 699B20072898D70B00D9E72E /* FruitCardCell.swift */; };
/* End PBXBuildFile section */

/* Begin PBXFileReference section */
		6947C78728991C4B00922181 /* HomeViewModel.swift */ = {isa = PBXFileReference; lastKnownFileType = sourcecode.swift; path = HomeViewModel.swift; sourceTree = "<group>"; };
		6947C7892899284C00922181 /* FruitCell.swift */ = {isa = PBXFileReference; lastKnownFileType = sourcecode.swift; path = FruitCell.swift; sourceTree = "<group>"; };
		698B45EB289A26C600E6F7C7 /* SettingsViewController.swift */ = {isa = PBXFileReference; lastKnownFileType = sourcecode.swift; path = SettingsViewController.swift; sourceTree = "<group>"; };
		699B1FD62897B64000D9E72E /* Fructus-UIKit.app */ = {isa = PBXFileReference; explicitFileType = wrapper.application; includeInIndex = 0; path = "Fructus-UIKit.app"; sourceTree = BUILT_PRODUCTS_DIR; };
		699B1FD92897B64000D9E72E /* AppDelegate.swift */ = {isa = PBXFileReference; lastKnownFileType = sourcecode.swift; path = AppDelegate.swift; sourceTree = "<group>"; };
		699B1FDB2897B64000D9E72E /* SceneDelegate.swift */ = {isa = PBXFileReference; lastKnownFileType = sourcecode.swift; path = SceneDelegate.swift; sourceTree = "<group>"; };
		699B1FE22897B64100D9E72E /* Assets.xcassets */ = {isa = PBXFileReference; lastKnownFileType = folder.assetcatalog; path = Assets.xcassets; sourceTree = "<group>"; };
		699B1FE52897B64100D9E72E /* Base */ = {isa = PBXFileReference; lastKnownFileType = file.storyboard; name = Base; path = Base.lproj/LaunchScreen.storyboard; sourceTree = "<group>"; };
		699B1FE72897B64100D9E72E /* Info.plist */ = {isa = PBXFileReference; lastKnownFileType = text.plist.xml; path = Info.plist; sourceTree = "<group>"; };
		699B1FF52898BD8000D9E72E /* OnboardingViewController.swift */ = {isa = PBXFileReference; lastKnownFileType = sourcecode.swift; path = OnboardingViewController.swift; sourceTree = "<group>"; };
		699B1FF82898BFD700D9E72E /* FruitData.swift */ = {isa = PBXFileReference; lastKnownFileType = sourcecode.swift; path = FruitData.swift; sourceTree = "<group>"; };
		699B1FFB2898C00E00D9E72E /* Fruit.swift */ = {isa = PBXFileReference; lastKnownFileType = sourcecode.swift; path = Fruit.swift; sourceTree = "<group>"; };
		699B1FFF2898C2B100D9E72E /* HomeViewController.swift */ = {isa = PBXFileReference; lastKnownFileType = sourcecode.swift; path = HomeViewController.swift; sourceTree = "<group>"; };
		699B20052898CA1300D9E72E /* Constants.swift */ = {isa = PBXFileReference; lastKnownFileType = sourcecode.swift; path = Constants.swift; sourceTree = "<group>"; };
		699B20072898D70B00D9E72E /* FruitCardCell.swift */ = {isa = PBXFileReference; lastKnownFileType = sourcecode.swift; path = FruitCardCell.swift; sourceTree = "<group>"; };
/* End PBXFileReference section */

/* Begin PBXFrameworksBuildPhase section */
		699B1FD32897B64000D9E72E /* Frameworks */ = {
			isa = PBXFrameworksBuildPhase;
			buildActionMask = 2147483647;
			files = (
			);
			runOnlyForDeploymentPostprocessing = 0;
		};
/* End PBXFrameworksBuildPhase section */

/* Begin PBXGroup section */
		6947C78628991C3B00922181 /* ViewModel */ = {
			isa = PBXGroup;
			children = (
				6947C78728991C4B00922181 /* HomeViewModel.swift */,
			);
			path = ViewModel;
			sourceTree = "<group>";
		};
		698B45E9289A268300E6F7C7 /* Settings */ = {
			isa = PBXGroup;
			children = (
				698B45EA289A268D00E6F7C7 /* View */,
			);
			path = Settings;
			sourceTree = "<group>";
		};
		698B45EA289A268D00E6F7C7 /* View */ = {
			isa = PBXGroup;
			children = (
				698B45EB289A26C600E6F7C7 /* SettingsViewController.swift */,
			);
			path = View;
			sourceTree = "<group>";
		};
		699B1FCD2897B64000D9E72E = {
			isa = PBXGroup;
			children = (
				699B1FD82897B64000D9E72E /* Fructus-UIKit */,
				699B1FD72897B64000D9E72E /* Products */,
			);
			sourceTree = "<group>";
		};
		699B1FD72897B64000D9E72E /* Products */ = {
			isa = PBXGroup;
			children = (
				699B1FD62897B64000D9E72E /* Fructus-UIKit.app */,
			);
			name = Products;
			sourceTree = "<group>";
		};
		699B1FD82897B64000D9E72E /* Fructus-UIKit */ = {
			isa = PBXGroup;
			children = (
				699B20042898CA0800D9E72E /* Utils */,
				699B1FFA2898C00400D9E72E /* Model */,
				699B1FF72898BFCC00D9E72E /* Data */,
				699B1FF22898BD1D00D9E72E /* Base */,
				699B1FF12898BD1200D9E72E /* Screens */,
				699B1FE22897B64100D9E72E /* Assets.xcassets */,
				699B1FE42897B64100D9E72E /* LaunchScreen.storyboard */,
				699B1FE72897B64100D9E72E /* Info.plist */,
			);
			path = "Fructus-UIKit";
			sourceTree = "<group>";
		};
		699B1FF12898BD1200D9E72E /* Screens */ = {
			isa = PBXGroup;
			children = (
				698B45E9289A268300E6F7C7 /* Settings */,
				699B1FFD2898C29500D9E72E /* Home */,
				699B1FF32898BD6400D9E72E /* Onboarding */,
			);
			path = Screens;
			sourceTree = "<group>";
		};
		699B1FF22898BD1D00D9E72E /* Base */ = {
			isa = PBXGroup;
			children = (
				699B1FD92897B64000D9E72E /* AppDelegate.swift */,
				699B1FDB2897B64000D9E72E /* SceneDelegate.swift */,
			);
			path = Base;
			sourceTree = "<group>";
		};
		699B1FF32898BD6400D9E72E /* Onboarding */ = {
			isa = PBXGroup;
			children = (
				699B1FF42898BD6F00D9E72E /* View */,
			);
			path = Onboarding;
			sourceTree = "<group>";
		};
		699B1FF42898BD6F00D9E72E /* View */ = {
			isa = PBXGroup;
			children = (
				699B1FF52898BD8000D9E72E /* OnboardingViewController.swift */,
				699B20072898D70B00D9E72E /* FruitCardCell.swift */,
			);
			path = View;
			sourceTree = "<group>";
		};
		699B1FF72898BFCC00D9E72E /* Data */ = {
			isa = PBXGroup;
			children = (
				699B1FF82898BFD700D9E72E /* FruitData.swift */,
			);
			path = Data;
			sourceTree = "<group>";
		};
		699B1FFA2898C00400D9E72E /* Model */ = {
			isa = PBXGroup;
			children = (
				699B1FFB2898C00E00D9E72E /* Fruit.swift */,
			);
			path = Model;
			sourceTree = "<group>";
		};
		699B1FFD2898C29500D9E72E /* Home */ = {
			isa = PBXGroup;
			children = (
				6947C78628991C3B00922181 /* ViewModel */,
				699B1FFE2898C29B00D9E72E /* View */,
			);
			path = Home;
			sourceTree = "<group>";
		};
		699B1FFE2898C29B00D9E72E /* View */ = {
			isa = PBXGroup;
			children = (
				699B1FFF2898C2B100D9E72E /* HomeViewController.swift */,
				6947C7892899284C00922181 /* FruitCell.swift */,
			);
			path = View;
			sourceTree = "<group>";
		};
		699B20042898CA0800D9E72E /* Utils */ = {
			isa = PBXGroup;
			children = (
				699B20052898CA1300D9E72E /* Constants.swift */,
			);
			path = Utils;
			sourceTree = "<group>";
		};
/* End PBXGroup section */

/* Begin PBXNativeTarget section */
		699B1FD52897B64000D9E72E /* Fructus-UIKit */ = {
			isa = PBXNativeTarget;
			buildConfigurationList = 699B1FEA2897B64100D9E72E /* Build configuration list for PBXNativeTarget "Fructus-UIKit" */;
			buildPhases = (
				699B1FD22897B64000D9E72E /* Sources */,
				699B1FD32897B64000D9E72E /* Frameworks */,
				699B1FD42897B64000D9E72E /* Resources */,
			);
			buildRules = (
			);
			dependencies = (
			);
			name = "Fructus-UIKit";
			productName = "Fructus-UIKit";
			productReference = 699B1FD62897B64000D9E72E /* Fructus-UIKit.app */;
			productType = "com.apple.product-type.application";
		};
/* End PBXNativeTarget section */

/* Begin PBXProject section */
		699B1FCE2897B64000D9E72E /* Project object */ = {
			isa = PBXProject;
			attributes = {
				BuildIndependentTargetsInParallel = 1;
				LastSwiftUpdateCheck = 1340;
				LastUpgradeCheck = 1340;
				TargetAttributes = {
					699B1FD52897B64000D9E72E = {
						CreatedOnToolsVersion = 13.4.1;
					};
				};
			};
			buildConfigurationList = 699B1FD12897B64000D9E72E /* Build configuration list for PBXProject "Fructus-UIKit" */;
			compatibilityVersion = "Xcode 13.0";
			developmentRegion = en;
			hasScannedForEncodings = 0;
			knownRegions = (
				en,
				Base,
			);
			mainGroup = 699B1FCD2897B64000D9E72E;
			productRefGroup = 699B1FD72897B64000D9E72E /* Products */;
			projectDirPath = "";
			projectRoot = "";
			targets = (
				699B1FD52897B64000D9E72E /* Fructus-UIKit */,
			);
		};
/* End PBXProject section */

/* Begin PBXResourcesBuildPhase section */
		699B1FD42897B64000D9E72E /* Resources */ = {
			isa = PBXResourcesBuildPhase;
			buildActionMask = 2147483647;
			files = (
				699B1FE62897B64100D9E72E /* LaunchScreen.storyboard in Resources */,
				699B1FE32897B64100D9E72E /* Assets.xcassets in Resources */,
			);
			runOnlyForDeploymentPostprocessing = 0;
		};
/* End PBXResourcesBuildPhase section */

/* Begin PBXSourcesBuildPhase section */
		699B1FD22897B64000D9E72E /* Sources */ = {
			isa = PBXSourcesBuildPhase;
			buildActionMask = 2147483647;
			files = (
				699B1FFC2898C00E00D9E72E /* Fruit.swift in Sources */,
				6947C78828991C4B00922181 /* HomeViewModel.swift in Sources */,
				698B45EC289A26C600E6F7C7 /* SettingsViewController.swift in Sources */,
				699B1FDA2897B64000D9E72E /* AppDelegate.swift in Sources */,
				699B1FF62898BD8000D9E72E /* OnboardingViewController.swift in Sources */,
				699B20082898D70B00D9E72E /* FruitCardCell.swift in Sources */,
				699B1FF92898BFD700D9E72E /* FruitData.swift in Sources */,
				6947C78A2899284C00922181 /* FruitCell.swift in Sources */,
				699B1FDC2897B64000D9E72E /* SceneDelegate.swift in Sources */,
				699B20002898C2B100D9E72E /* HomeViewController.swift in Sources */,
				699B20062898CA1300D9E72E /* Constants.swift in Sources */,
			);
			runOnlyForDeploymentPostprocessing = 0;
		};
/* End PBXSourcesBuildPhase section */

/* Begin PBXVariantGroup section */
		699B1FE42897B64100D9E72E /* LaunchScreen.storyboard */ = {
			isa = PBXVariantGroup;
			children = (
				699B1FE52897B64100D9E72E /* Base */,
			);
			name = LaunchScreen.storyboard;
			sourceTree = "<group>";
		};
/* End PBXVariantGroup section */

/* Begin XCBuildConfiguration section */
		699B1FE82897B64100D9E72E /* Debug */ = {
			isa = XCBuildConfiguration;
			buildSettings = {
				ALWAYS_SEARCH_USER_PATHS = NO;
				CLANG_ANALYZER_NONNULL = YES;
				CLANG_ANALYZER_NUMBER_OBJECT_CONVERSION = YES_AGGRESSIVE;
				CLANG_CXX_LANGUAGE_STANDARD = "gnu++17";
				CLANG_ENABLE_MODULES = YES;
				CLANG_ENABLE_OBJC_ARC = YES;
				CLANG_ENABLE_OBJC_WEAK = YES;
				CLANG_WARN_BLOCK_CAPTURE_AUTORELEASING = YES;
				CLANG_WARN_BOOL_CONVERSION = YES;
				CLANG_WARN_COMMA = YES;
				CLANG_WARN_CONSTANT_CONVERSION = YES;
				CLANG_WARN_DEPRECATED_OBJC_IMPLEMENTATIONS = YES;
				CLANG_WARN_DIRECT_OBJC_ISA_USAGE = YES_ERROR;
				CLANG_WARN_DOCUMENTATION_COMMENTS = YES;
				CLANG_WARN_EMPTY_BODY = YES;
				CLANG_WARN_ENUM_CONVERSION = YES;
				CLANG_WARN_INFINITE_RECURSION = YES;
				CLANG_WARN_INT_CONVERSION = YES;
				CLANG_WARN_NON_LITERAL_NULL_CONVERSION = YES;
				CLANG_WARN_OBJC_IMPLICIT_RETAIN_SELF = YES;
				CLANG_WARN_OBJC_LITERAL_CONVERSION = YES;
				CLANG_WARN_OBJC_ROOT_CLASS = YES_ERROR;
				CLANG_WARN_QUOTED_INCLUDE_IN_FRAMEWORK_HEADER = YES;
				CLANG_WARN_RANGE_LOOP_ANALYSIS = YES;
				CLANG_WARN_STRICT_PROTOTYPES = YES;
				CLANG_WARN_SUSPICIOUS_MOVE = YES;
				CLANG_WARN_UNGUARDED_AVAILABILITY = YES_AGGRESSIVE;
				CLANG_WARN_UNREACHABLE_CODE = YES;
				CLANG_WARN__DUPLICATE_METHOD_MATCH = YES;
				COPY_PHASE_STRIP = NO;
				DEBUG_INFORMATION_FORMAT = dwarf;
				ENABLE_STRICT_OBJC_MSGSEND = YES;
				ENABLE_TESTABILITY = YES;
				GCC_C_LANGUAGE_STANDARD = gnu11;
				GCC_DYNAMIC_NO_PIC = NO;
				GCC_NO_COMMON_BLOCKS = YES;
				GCC_OPTIMIZATION_LEVEL = 0;
				GCC_PREPROCESSOR_DEFINITIONS = (
					"DEBUG=1",
					"$(inherited)",
				);
				GCC_WARN_64_TO_32_BIT_CONVERSION = YES;
				GCC_WARN_ABOUT_RETURN_TYPE = YES_ERROR;
				GCC_WARN_UNDECLARED_SELECTOR = YES;
				GCC_WARN_UNINITIALIZED_AUTOS = YES_AGGRESSIVE;
				GCC_WARN_UNUSED_FUNCTION = YES;
				GCC_WARN_UNUSED_VARIABLE = YES;
				IPHONEOS_DEPLOYMENT_TARGET = 15.5;
				MTL_ENABLE_DEBUG_INFO = INCLUDE_SOURCE;
				MTL_FAST_MATH = YES;
				ONLY_ACTIVE_ARCH = YES;
				SDKROOT = iphoneos;
				SWIFT_ACTIVE_COMPILATION_CONDITIONS = DEBUG;
				SWIFT_OPTIMIZATION_LEVEL = "-Onone";
			};
			name = Debug;
		};
		699B1FE92897B64100D9E72E /* Release */ = {
			isa = XCBuildConfiguration;
			buildSettings = {
				ALWAYS_SEARCH_USER_PATHS = NO;
				CLANG_ANALYZER_NONNULL = YES;
				CLANG_ANALYZER_NUMBER_OBJECT_CONVERSION = YES_AGGRESSIVE;
				CLANG_CXX_LANGUAGE_STANDARD = "gnu++17";
				CLANG_ENABLE_MODULES = YES;
				CLANG_ENABLE_OBJC_ARC = YES;
				CLANG_ENABLE_OBJC_WEAK = YES;
				CLANG_WARN_BLOCK_CAPTURE_AUTORELEASING = YES;
				CLANG_WARN_BOOL_CONVERSION = YES;
				CLANG_WARN_COMMA = YES;
				CLANG_WARN_CONSTANT_CONVERSION = YES;
				CLANG_WARN_DEPRECATED_OBJC_IMPLEMENTATIONS = YES;
				CLANG_WARN_DIRECT_OBJC_ISA_USAGE = YES_ERROR;
				CLANG_WARN_DOCUMENTATION_COMMENTS = YES;
				CLANG_WARN_EMPTY_BODY = YES;
				CLANG_WARN_ENUM_CONVERSION = YES;
				CLANG_WARN_INFINITE_RECURSION = YES;
				CLANG_WARN_INT_CONVERSION = YES;
				CLANG_WARN_NON_LITERAL_NULL_CONVERSION = YES;
				CLANG_WARN_OBJC_IMPLICIT_RETAIN_SELF = YES;
				CLANG_WARN_OBJC_LITERAL_CONVERSION = YES;
				CLANG_WARN_OBJC_ROOT_CLASS = YES_ERROR;
				CLANG_WARN_QUOTED_INCLUDE_IN_FRAMEWORK_HEADER = YES;
				CLANG_WARN_RANGE_LOOP_ANALYSIS = YES;
				CLANG_WARN_STRICT_PROTOTYPES = YES;
				CLANG_WARN_SUSPICIOUS_MOVE = YES;
				CLANG_WARN_UNGUARDED_AVAILABILITY = YES_AGGRESSIVE;
				CLANG_WARN_UNREACHABLE_CODE = YES;
				CLANG_WARN__DUPLICATE_METHOD_MATCH = YES;
				COPY_PHASE_STRIP = NO;
				DEBUG_INFORMATION_FORMAT = "dwarf-with-dsym";
				ENABLE_NS_ASSERTIONS = NO;
				ENABLE_STRICT_OBJC_MSGSEND = YES;
				GCC_C_LANGUAGE_STANDARD = gnu11;
				GCC_NO_COMMON_BLOCKS = YES;
				GCC_WARN_64_TO_32_BIT_CONVERSION = YES;
				GCC_WARN_ABOUT_RETURN_TYPE = YES_ERROR;
				GCC_WARN_UNDECLARED_SELECTOR = YES;
				GCC_WARN_UNINITIALIZED_AUTOS = YES_AGGRESSIVE;
				GCC_WARN_UNUSED_FUNCTION = YES;
				GCC_WARN_UNUSED_VARIABLE = YES;
				IPHONEOS_DEPLOYMENT_TARGET = 15.5;
				MTL_ENABLE_DEBUG_INFO = NO;
				MTL_FAST_MATH = YES;
				SDKROOT = iphoneos;
				SWIFT_COMPILATION_MODE = wholemodule;
				SWIFT_OPTIMIZATION_LEVEL = "-O";
				VALIDATE_PRODUCT = YES;
			};
			name = Release;
		};
		699B1FEB2897B64100D9E72E /* Debug */ = {
			isa = XCBuildConfiguration;
			buildSettings = {
				ASSETCATALOG_COMPILER_APPICON_NAME = AppIcon;
				ASSETCATALOG_COMPILER_GLOBAL_ACCENT_COLOR_NAME = AccentColor;
				CODE_SIGN_STYLE = Automatic;
				CURRENT_PROJECT_VERSION = 1;
				DEVELOPMENT_TEAM = A2DNT83345;
				GENERATE_INFOPLIST_FILE = YES;
				INFOPLIST_FILE = "Fructus-UIKit/Info.plist";
				INFOPLIST_KEY_UIApplicationSupportsIndirectInputEvents = YES;
				INFOPLIST_KEY_UILaunchStoryboardName = LaunchScreen;
				INFOPLIST_KEY_UISupportedInterfaceOrientations_iPad = "UIInterfaceOrientationPortrait UIInterfaceOrientationPortraitUpsideDown UIInterfaceOrientationLandscapeLeft UIInterfaceOrientationLandscapeRight";
				INFOPLIST_KEY_UISupportedInterfaceOrientations_iPhone = "UIInterfaceOrientationPortrait UIInterfaceOrientationLandscapeLeft UIInterfaceOrientationLandscapeRight";
				LD_RUNPATH_SEARCH_PATHS = (
					"$(inherited)",
					"@executable_path/Frameworks",
				);
				MARKETING_VERSION = 1.0;
				PRODUCT_BUNDLE_IDENTIFIER = "com.nuttaponbuaban.Fructus-UIKit";
				PRODUCT_NAME = "$(TARGET_NAME)";
				SWIFT_EMIT_LOC_STRINGS = YES;
				SWIFT_VERSION = 5.0;
				TARGETED_DEVICE_FAMILY = "1,2";
			};
			name = Debug;
		};
		699B1FEC2897B64100D9E72E /* Release */ = {
			isa = XCBuildConfiguration;
			buildSettings = {
				ASSETCATALOG_COMPILER_APPICON_NAME = AppIcon;
				ASSETCATALOG_COMPILER_GLOBAL_ACCENT_COLOR_NAME = AccentColor;
				CODE_SIGN_STYLE = Automatic;
				CURRENT_PROJECT_VERSION = 1;
				DEVELOPMENT_TEAM = A2DNT83345;
				GENERATE_INFOPLIST_FILE = YES;
				INFOPLIST_FILE = "Fructus-UIKit/Info.plist";
				INFOPLIST_KEY_UIApplicationSupportsIndirectInputEvents = YES;
				INFOPLIST_KEY_UILaunchStoryboardName = LaunchScreen;
				INFOPLIST_KEY_UISupportedInterfaceOrientations_iPad = "UIInterfaceOrientationPortrait UIInterfaceOrientationPortraitUpsideDown UIInterfaceOrientationLandscapeLeft UIInterfaceOrientationLandscapeRight";
				INFOPLIST_KEY_UISupportedInterfaceOrientations_iPhone = "UIInterfaceOrientationPortrait UIInterfaceOrientationLandscapeLeft UIInterfaceOrientationLandscapeRight";
				LD_RUNPATH_SEARCH_PATHS = (
					"$(inherited)",
					"@executable_path/Frameworks",
				);
				MARKETING_VERSION = 1.0;
				PRODUCT_BUNDLE_IDENTIFIER = "com.nuttaponbuaban.Fructus-UIKit";
				PRODUCT_NAME = "$(TARGET_NAME)";
				SWIFT_EMIT_LOC_STRINGS = YES;
				SWIFT_VERSION = 5.0;
				TARGETED_DEVICE_FAMILY = "1,2";
			};
			name = Release;
		};
/* End XCBuildConfiguration section */

/* Begin XCConfigurationList section */
		699B1FD12897B64000D9E72E /* Build configuration list for PBXProject "Fructus-UIKit" */ = {
			isa = XCConfigurationList;
			buildConfigurations = (
				699B1FE82897B64100D9E72E /* Debug */,
				699B1FE92897B64100D9E72E /* Release */,
			);
			defaultConfigurationIsVisible = 0;
			defaultConfigurationName = Release;
		};
		699B1FEA2897B64100D9E72E /* Build configuration list for PBXNativeTarget "Fructus-UIKit" */ = {
			isa = XCConfigurationList;
			buildConfigurations = (
				699B1FEB2897B64100D9E72E /* Debug */,
				699B1FEC2897B64100D9E72E /* Release */,
			);
			defaultConfigurationIsVisible = 0;
			defaultConfigurationName = Release;
		};
/* End XCConfigurationList section */
	};
	rootObject = 699B1FCE2897B64000D9E72E /* Project object */;
}
